# This file is autogenerated, do not edit; changes may be undone by the next 'dep ensure'.


[[projects]]
  branch = "master"
  digest = "1:d38f81081a389f1466ec98192cf9115a82158854d6f01e1c23e2e7554b97db71"
  name = "github.com/rcrowley/go-metrics"
  packages = ["."]
  pruneopts = "UT"
  revision = "3113b8401b8a98917cde58f8bbd42a1b1c03b1fd"

[[projects]]
  branch = "master"
  digest = "1:f8dd5b484efd9dad388211541a4317d50c6b3d6310b157a2ce8ee37bf5c3046b"
  name = "github.com/wavefronthq/go-metrics-wavefront"
  packages = ["."]
  pruneopts = "UT"
  revision = "539b1839cdaf551511c78455ea0ea19fed1f81af"

[solve-meta]
  analyzer-name = "dep"
  analyzer-version = 1
  input-imports = [
    "github.com/rcrowley/go-metrics",
    "github.com/wavefronthq/go-metrics-wavefront",
  ]
  solver-name = "gps-cdcl"
  solver-version = 1
